
Microsoft Visual Studio Solution File, Format Version 12.00
# Visual Studio Version 17
VisualStudioVersion = 17.10.34928.147
MinimumVisualStudioVersion = 10.0.40219.1
Project("{FAE04EC0-301F-11D3-BF4B-00C04F79EFBC}") = "SistemaVentaAplicaionWeb", "SistemaVentaAplicaionWeb\SistemaVentaAplicaionWeb.csproj", "{13C48F36-A59F-44B0-BFE1-D15C3DE7122E}"
EndProject
Project("{FAE04EC0-301F-11D3-BF4B-00C04F79EFBC}") = "SistemaVentaDAL", "SistemaVentaDAL\SistemaVentaDAL.csproj", "{F3A679BA-670F-4007-B59F-9B7B462984FC}"
EndProject
Project("{FAE04EC0-301F-11D3-BF4B-00C04F79EFBC}") = "SistemaVentaBLL", "SistemaVentaBLL\SistemaVentaBLL.csproj", "{684E5891-C78F-4A79-8946-82B10D8FF787}"
EndProject
Project("{FAE04EC0-301F-11D3-BF4B-00C04F79EFBC}") = "SistemaVentaEntity", "SistemaVentaEntity\SistemaVentaEntity.csproj", "{B0D377C4-341A-4AFF-B66C-90E790D573AD}"
EndProject
Project("{FAE04EC0-301F-11D3-BF4B-00C04F79EFBC}") = "SistemaVentaIOC", "SistemaVentaIOC\SistemaVentaIOC.csproj", "{64C44778-236F-4411-A972-D22DC4A7F706}"
EndProject
Global
	GlobalSection(SolutionConfigurationPlatforms) = preSolution
		Debug|Any CPU = Debug|Any CPU
		Release|Any CPU = Release|Any CPU
	EndGlobalSection
	GlobalSection(ProjectConfigurationPlatforms) = postSolution
		{13C48F36-A59F-44B0-BFE1-D15C3DE7122E}.Debug|Any CPU.ActiveCfg = Debug|Any CPU
		{13C48F36-A59F-44B0-BFE1-D15C3DE7122E}.Debug|Any CPU.Build.0 = Debug|Any CPU
		{13C48F36-A59F-44B0-BFE1-D15C3DE7122E}.Release|Any CPU.ActiveCfg = Release|Any CPU
		{13C48F36-A59F-44B0-BFE1-D15C3DE7122E}.Release|Any CPU.Build.0 = Release|Any CPU
		{F3A679BA-670F-4007-B59F-9B7B462984FC}.Debug|Any CPU.ActiveCfg = Debug|Any CPU
		{F3A679BA-670F-4007-B59F-9B7B462984FC}.Debug|Any CPU.Build.0 = Debug|Any CPU
		{F3A679BA-670F-4007-B59F-9B7B462984FC}.Release|Any CPU.ActiveCfg = Release|Any CPU
		{F3A679BA-670F-4007-B59F-9B7B462984FC}.Release|Any CPU.Build.0 = Release|Any CPU
		{684E5891-C78F-4A79-8946-82B10D8FF787}.Debug|Any CPU.ActiveCfg = Debug|Any CPU
		{684E5891-C78F-4A79-8946-82B10D8FF787}.Debug|Any CPU.Build.0 = Debug|Any CPU
		{684E5891-C78F-4A79-8946-82B10D8FF787}.Release|Any CPU.ActiveCfg = Release|Any CPU
		{684E5891-C78F-4A79-8946-82B10D8FF787}.Release|Any CPU.Build.0 = Release|Any CPU
		{B0D377C4-341A-4AFF-B66C-90E790D573AD}.Debug|Any CPU.ActiveCfg = Debug|Any CPU
		{B0D377C4-341A-4AFF-B66C-90E790D573AD}.Debug|Any CPU.Build.0 = Debug|Any CPU
		{B0D377C4-341A-4AFF-B66C-90E790D573AD}.Release|Any CPU.ActiveCfg = Release|Any CPU
		{B0D377C4-341A-4AFF-B66C-90E790D573AD}.Release|Any CPU.Build.0 = Release|Any CPU
		{64C44778-236F-4411-A972-D22DC4A7F706}.Debug|Any CPU.ActiveCfg = Debug|Any CPU
		{64C44778-236F-4411-A972-D22DC4A7F706}.Debug|Any CPU.Build.0 = Debug|Any CPU
		{64C44778-236F-4411-A972-D22DC4A7F706}.Release|Any CPU.ActiveCfg = Release|Any CPU
		{64C44778-236F-4411-A972-D22DC4A7F706}.Release|Any CPU.Build.0 = Release|Any CPU
	EndGlobalSection
	GlobalSection(SolutionProperties) = preSolution
		HideSolutionNode = FALSE
	EndGlobalSection
	GlobalSection(ExtensibilityGlobals) = postSolution
		SolutionGuid = {B9FB47F5-CE89-4D17-A176-669DC5F72C7C}
	EndGlobalSection
EndGlobal
